
Microsoft Visual Studio Solution File, Format Version 12.00
# Visual Studio Version 16
VisualStudioVersion = 16.0.30804.86
MinimumVisualStudioVersion = 10.0.40219.1
Project("{FAE04EC0-301F-11D3-BF4B-00C04F79EFBC}") = "Ex03.GarageLogic", "Ex03.GarageLogic\Ex03.GarageLogic.csproj", "{4C4EBEA6-97F1-4B8B-BEE5-B6E8F5710930}"
EndProject
Project("{FAE04EC0-301F-11D3-BF4B-00C04F79EFBC}") = "Ex03.GarageUI", "Ex03.GarageUI\Ex03.GarageUI.csproj", "{121AB447-C90C-4461-96D8-B5AF6A11F0DE}"
EndProject
Global
	GlobalSection(SolutionConfigurationPlatforms) = preSolution
		Debug|Any CPU = Debug|Any CPU
		Debug|x64 = Debug|x64
		Debug|x86 = Debug|x86
		Release|Any CPU = Release|Any CPU
		Release|x64 = Release|x64
		Release|x86 = Release|x86
	EndGlobalSection
	GlobalSection(ProjectConfigurationPlatforms) = postSolution
		{4C4EBEA6-97F1-4B8B-BEE5-B6E8F5710930}.Debug|Any CPU.ActiveCfg = Debug|Any CPU
		{4C4EBEA6-97F1-4B8B-BEE5-B6E8F5710930}.Debug|Any CPU.Build.0 = Debug|Any CPU
		{4C4EBEA6-97F1-4B8B-BEE5-B6E8F5710930}.Debug|x64.ActiveCfg = Debug|Any CPU
		{4C4EBEA6-97F1-4B8B-BEE5-B6E8F5710930}.Debug|x64.Build.0 = Debug|Any CPU
		{4C4EBEA6-97F1-4B8B-BEE5-B6E8F5710930}.Debug|x86.ActiveCfg = Debug|Any CPU
		{4C4EBEA6-97F1-4B8B-BEE5-B6E8F5710930}.Debug|x86.Build.0 = Debug|Any CPU
		{4C4EBEA6-97F1-4B8B-BEE5-B6E8F5710930}.Release|Any CPU.ActiveCfg = Release|Any CPU
		{4C4EBEA6-97F1-4B8B-BEE5-B6E8F5710930}.Release|Any CPU.Build.0 = Release|Any CPU
		{4C4EBEA6-97F1-4B8B-BEE5-B6E8F5710930}.Release|x64.ActiveCfg = Release|Any CPU
		{4C4EBEA6-97F1-4B8B-BEE5-B6E8F5710930}.Release|x64.Build.0 = Release|Any CPU
		{4C4EBEA6-97F1-4B8B-BEE5-B6E8F5710930}.Release|x86.ActiveCfg = Release|Any CPU
		{4C4EBEA6-97F1-4B8B-BEE5-B6E8F5710930}.Release|x86.Build.0 = Release|Any CPU
		{121AB447-C90C-4461-96D8-B5AF6A11F0DE}.Debug|Any CPU.ActiveCfg = Debug|Any CPU
		{121AB447-C90C-4461-96D8-B5AF6A11F0DE}.Debug|Any CPU.Build.0 = Debug|Any CPU
		{121AB447-C90C-4461-96D8-B5AF6A11F0DE}.Debug|x64.ActiveCfg = Debug|Any CPU
		{121AB447-C90C-4461-96D8-B5AF6A11F0DE}.Debug|x64.Build.0 = Debug|Any CPU
		{121AB447-C90C-4461-96D8-B5AF6A11F0DE}.Debug|x86.ActiveCfg = Debug|Any CPU
		{121AB447-C90C-4461-96D8-B5AF6A11F0DE}.Debug|x86.Build.0 = Debug|Any CPU
		{121AB447-C90C-4461-96D8-B5AF6A11F0DE}.Release|Any CPU.ActiveCfg = Release|Any CPU
		{121AB447-C90C-4461-96D8-B5AF6A11F0DE}.Release|Any CPU.Build.0 = Release|Any CPU
		{121AB447-C90C-4461-96D8-B5AF6A11F0DE}.Release|x64.ActiveCfg = Release|Any CPU
		{121AB447-C90C-4461-96D8-B5AF6A11F0DE}.Release|x64.Build.0 = Release|Any CPU
		{121AB447-C90C-4461-96D8-B5AF6A11F0DE}.Release|x86.ActiveCfg = Release|Any CPU
		{121AB447-C90C-4461-96D8-B5AF6A11F0DE}.Release|x86.Build.0 = Release|Any CPU
	EndGlobalSection
	GlobalSection(SolutionProperties) = preSolution
		HideSolutionNode = FALSE
	EndGlobalSection
	GlobalSection(ExtensibilityGlobals) = postSolution
		SolutionGuid = {87E229D3-3BC7-47D2-879F-CE6BE3A7E631}
	EndGlobalSection
EndGlobal
